
Microsoft Visual Studio Solution File, Format Version 12.00
# Visual Studio Version 17
VisualStudioVersion = 17.14.36203.30 d17.14
MinimumVisualStudioVersion = 10.0.40219.1
Project("{FAE04EC0-301F-11D3-BF4B-00C04F79EFBC}") = "LoginSessionApp", "LoginSessionApp\LoginSessionApp.csproj", "{52CC98F2-794E-4937-9069-09E169A4755A}"
EndProject
Global
	GlobalSection(SolutionConfigurationPlatforms) = preSolution
		Debug|Any CPU = Debug|Any CPU
		Release|Any CPU = Release|Any CPU
	EndGlobalSection
	GlobalSection(ProjectConfigurationPlatforms) = postSolution
		{52CC98F2-794E-4937-9069-09E169A4755A}.Debug|Any CPU.ActiveCfg = Debug|Any CPU
		{52CC98F2-794E-4937-9069-09E169A4755A}.Debug|Any CPU.Build.0 = Debug|Any CPU
		{52CC98F2-794E-4937-9069-09E169A4755A}.Release|Any CPU.ActiveCfg = Release|Any CPU
		{52CC98F2-794E-4937-9069-09E169A4755A}.Release|Any CPU.Build.0 = Release|Any CPU
	EndGlobalSection
	GlobalSection(SolutionProperties) = preSolution
		HideSolutionNode = FALSE
	EndGlobalSection
	GlobalSection(ExtensibilityGlobals) = postSolution
		SolutionGuid = {08F75B8E-918F-4544-828B-7388CCD3D2DD}
	EndGlobalSection
EndGlobal
