
Microsoft Visual Studio Solution File, Format Version 12.00
# Visual Studio Version 17
VisualStudioVersion = 17.14.36203.30 d17.14
MinimumVisualStudioVersion = 10.0.40219.1
Project("{FAE04EC0-301F-11D3-BF4B-00C04F79EFBC}") = "SecureLoginApp", "SecureLoginApp\SecureLoginApp.csproj", "{40C391BE-A956-471A-84C9-A53758ACDAF0}"
EndProject
Global
	GlobalSection(SolutionConfigurationPlatforms) = preSolution
		Debug|Any CPU = Debug|Any CPU
		Release|Any CPU = Release|Any CPU
	EndGlobalSection
	GlobalSection(ProjectConfigurationPlatforms) = postSolution
		{40C391BE-A956-471A-84C9-A53758ACDAF0}.Debug|Any CPU.ActiveCfg = Debug|Any CPU
		{40C391BE-A956-471A-84C9-A53758ACDAF0}.Debug|Any CPU.Build.0 = Debug|Any CPU
		{40C391BE-A956-471A-84C9-A53758ACDAF0}.Release|Any CPU.ActiveCfg = Release|Any CPU
		{40C391BE-A956-471A-84C9-A53758ACDAF0}.Release|Any CPU.Build.0 = Release|Any CPU
	EndGlobalSection
	GlobalSection(SolutionProperties) = preSolution
		HideSolutionNode = FALSE
	EndGlobalSection
	GlobalSection(ExtensibilityGlobals) = postSolution
		SolutionGuid = {57266E36-44EF-486B-8DF2-451AF1E8A7A3}
	EndGlobalSection
EndGlobal
