
Microsoft Visual Studio Solution File, Format Version 12.00
# Visual Studio Version 17
VisualStudioVersion = 17.14.36203.30 d17.14
MinimumVisualStudioVersion = 10.0.40219.1
Project("{FAE04EC0-301F-11D3-BF4B-00C04F79EFBC}") = "CourseEnrollmentApp", "CourseEnrollmentApp\CourseEnrollmentApp.csproj", "{C36F0AE3-33BA-4FAF-891D-5E058575FADB}"
EndProject
Global
	GlobalSection(SolutionConfigurationPlatforms) = preSolution
		Debug|Any CPU = Debug|Any CPU
		Release|Any CPU = Release|Any CPU
	EndGlobalSection
	GlobalSection(ProjectConfigurationPlatforms) = postSolution
		{C36F0AE3-33BA-4FAF-891D-5E058575FADB}.Debug|Any CPU.ActiveCfg = Debug|Any CPU
		{C36F0AE3-33BA-4FAF-891D-5E058575FADB}.Debug|Any CPU.Build.0 = Debug|Any CPU
		{C36F0AE3-33BA-4FAF-891D-5E058575FADB}.Release|Any CPU.ActiveCfg = Release|Any CPU
		{C36F0AE3-33BA-4FAF-891D-5E058575FADB}.Release|Any CPU.Build.0 = Release|Any CPU
	EndGlobalSection
	GlobalSection(SolutionProperties) = preSolution
		HideSolutionNode = FALSE
	EndGlobalSection
	GlobalSection(ExtensibilityGlobals) = postSolution
		SolutionGuid = {3E4321A4-9C8E-49FD-8C57-941F534EE7CC}
	EndGlobalSection
EndGlobal
